
Microsoft Visual Studio Solution File, Format Version 12.00
# Visual Studio 14
VisualStudioVersion = 14.0.25420.1
MinimumVisualStudioVersion = 14.0.0.0
Project("{FAE04EC0-301F-11D3-BF4B-00C04F79EFBC}") = "YawnDB", "YawnDB\YawnDB.csproj", "{BA24655F-E374-4D45-B863-C4C2D006E8DA}"
EndProject
Project("{FAE04EC0-301F-11D3-BF4B-00C04F79EFBC}") = "YawnDB.Interfaces", "YawnDB.Interfaces\YawnDB.Interfaces.csproj", "{56FAD19F-95B5-49AA-9934-197B57ECE3B0}"
EndProject
Project("{FAE04EC0-301F-11D3-BF4B-00C04F79EFBC}") = "Yawn.DataSchemas", "Yawn.DataSchemas\Yawn.DataSchemas.csproj", "{ADED1921-6DEA-4DCE-A31E-5F915D633124}"
EndProject
Global
	GlobalSection(SolutionConfigurationPlatforms) = preSolution
		Debug|Any CPU = Debug|Any CPU
		Release|Any CPU = Release|Any CPU
	EndGlobalSection
	GlobalSection(ProjectConfigurationPlatforms) = postSolution
		{BA24655F-E374-4D45-B863-C4C2D006E8DA}.Debug|Any CPU.ActiveCfg = Debug|Any CPU
		{BA24655F-E374-4D45-B863-C4C2D006E8DA}.Debug|Any CPU.Build.0 = Debug|Any CPU
		{BA24655F-E374-4D45-B863-C4C2D006E8DA}.Release|Any CPU.ActiveCfg = Release|Any CPU
		{BA24655F-E374-4D45-B863-C4C2D006E8DA}.Release|Any CPU.Build.0 = Release|Any CPU
		{56FAD19F-95B5-49AA-9934-197B57ECE3B0}.Debug|Any CPU.ActiveCfg = Debug|Any CPU
		{56FAD19F-95B5-49AA-9934-197B57ECE3B0}.Debug|Any CPU.Build.0 = Debug|Any CPU
		{56FAD19F-95B5-49AA-9934-197B57ECE3B0}.Release|Any CPU.ActiveCfg = Release|Any CPU
		{56FAD19F-95B5-49AA-9934-197B57ECE3B0}.Release|Any CPU.Build.0 = Release|Any CPU
		{ADED1921-6DEA-4DCE-A31E-5F915D633124}.Debug|Any CPU.ActiveCfg = Debug|Any CPU
		{ADED1921-6DEA-4DCE-A31E-5F915D633124}.Debug|Any CPU.Build.0 = Debug|Any CPU
		{ADED1921-6DEA-4DCE-A31E-5F915D633124}.Release|Any CPU.ActiveCfg = Release|Any CPU
		{ADED1921-6DEA-4DCE-A31E-5F915D633124}.Release|Any CPU.Build.0 = Release|Any CPU
	EndGlobalSection
	GlobalSection(SolutionProperties) = preSolution
		HideSolutionNode = FALSE
	EndGlobalSection
EndGlobal
